
Microsoft Visual Studio Solution File, Format Version 12.00
# Visual Studio 15
VisualStudioVersion = 15.0.26124.0
MinimumVisualStudioVersion = 15.0.26124.0
Project("{FAE04EC0-301F-11D3-BF4B-00C04F79EFBC}") = "Text", "Text\Text.csproj", "{F1D09121-104F-484E-9E4F-5429BB78143E}"
EndProject
Project("{FAE04EC0-301F-11D3-BF4B-00C04F79EFBC}") = "Text.Tests", "Text.Tests\Text.Tests.csproj", "{64F533BB-510D-4336-AD90-6AEE11C4071D}"
EndProject
Global
	GlobalSection(SolutionConfigurationPlatforms) = preSolution
		Debug|Any CPU = Debug|Any CPU
		Debug|x64 = Debug|x64
		Debug|x86 = Debug|x86
		Release|Any CPU = Release|Any CPU
		Release|x64 = Release|x64
		Release|x86 = Release|x86
	EndGlobalSection
	GlobalSection(SolutionProperties) = preSolution
		HideSolutionNode = FALSE
	EndGlobalSection
	GlobalSection(ProjectConfigurationPlatforms) = postSolution
		{F1D09121-104F-484E-9E4F-5429BB78143E}.Debug|Any CPU.ActiveCfg = Debug|Any CPU
		{F1D09121-104F-484E-9E4F-5429BB78143E}.Debug|Any CPU.Build.0 = Debug|Any CPU
		{F1D09121-104F-484E-9E4F-5429BB78143E}.Debug|x64.ActiveCfg = Debug|Any CPU
		{F1D09121-104F-484E-9E4F-5429BB78143E}.Debug|x64.Build.0 = Debug|Any CPU
		{F1D09121-104F-484E-9E4F-5429BB78143E}.Debug|x86.ActiveCfg = Debug|Any CPU
		{F1D09121-104F-484E-9E4F-5429BB78143E}.Debug|x86.Build.0 = Debug|Any CPU
		{F1D09121-104F-484E-9E4F-5429BB78143E}.Release|Any CPU.ActiveCfg = Release|Any CPU
		{F1D09121-104F-484E-9E4F-5429BB78143E}.Release|Any CPU.Build.0 = Release|Any CPU
		{F1D09121-104F-484E-9E4F-5429BB78143E}.Release|x64.ActiveCfg = Release|Any CPU
		{F1D09121-104F-484E-9E4F-5429BB78143E}.Release|x64.Build.0 = Release|Any CPU
		{F1D09121-104F-484E-9E4F-5429BB78143E}.Release|x86.ActiveCfg = Release|Any CPU
		{F1D09121-104F-484E-9E4F-5429BB78143E}.Release|x86.Build.0 = Release|Any CPU
		{64F533BB-510D-4336-AD90-6AEE11C4071D}.Debug|Any CPU.ActiveCfg = Debug|Any CPU
		{64F533BB-510D-4336-AD90-6AEE11C4071D}.Debug|Any CPU.Build.0 = Debug|Any CPU
		{64F533BB-510D-4336-AD90-6AEE11C4071D}.Debug|x64.ActiveCfg = Debug|Any CPU
		{64F533BB-510D-4336-AD90-6AEE11C4071D}.Debug|x64.Build.0 = Debug|Any CPU
		{64F533BB-510D-4336-AD90-6AEE11C4071D}.Debug|x86.ActiveCfg = Debug|Any CPU
		{64F533BB-510D-4336-AD90-6AEE11C4071D}.Debug|x86.Build.0 = Debug|Any CPU
		{64F533BB-510D-4336-AD90-6AEE11C4071D}.Release|Any CPU.ActiveCfg = Release|Any CPU
		{64F533BB-510D-4336-AD90-6AEE11C4071D}.Release|Any CPU.Build.0 = Release|Any CPU
		{64F533BB-510D-4336-AD90-6AEE11C4071D}.Release|x64.ActiveCfg = Release|Any CPU
		{64F533BB-510D-4336-AD90-6AEE11C4071D}.Release|x64.Build.0 = Release|Any CPU
		{64F533BB-510D-4336-AD90-6AEE11C4071D}.Release|x86.ActiveCfg = Release|Any CPU
		{64F533BB-510D-4336-AD90-6AEE11C4071D}.Release|x86.Build.0 = Release|Any CPU
	EndGlobalSection
EndGlobal
