
Microsoft Visual Studio Solution File, Format Version 12.00
# Visual Studio 15
VisualStudioVersion = 15.0.26124.0
MinimumVisualStudioVersion = 15.0.26124.0
Project("{FAE04EC0-301F-11D3-BF4B-00C04F79EFBC}") = "MyMath", "MyMath\MyMath.csproj", "{64DED044-0884-480B-BFDA-202CC1A7B175}"
EndProject
Project("{FAE04EC0-301F-11D3-BF4B-00C04F79EFBC}") = "MyMath.Tests", "MyMath.Tests\MyMath.Tests.csproj", "{9FA40FA7-6288-413B-9078-6F431D1872DA}"
EndProject
Global
	GlobalSection(SolutionConfigurationPlatforms) = preSolution
		Debug|Any CPU = Debug|Any CPU
		Debug|x64 = Debug|x64
		Debug|x86 = Debug|x86
		Release|Any CPU = Release|Any CPU
		Release|x64 = Release|x64
		Release|x86 = Release|x86
	EndGlobalSection
	GlobalSection(SolutionProperties) = preSolution
		HideSolutionNode = FALSE
	EndGlobalSection
	GlobalSection(ProjectConfigurationPlatforms) = postSolution
		{64DED044-0884-480B-BFDA-202CC1A7B175}.Debug|Any CPU.ActiveCfg = Debug|Any CPU
		{64DED044-0884-480B-BFDA-202CC1A7B175}.Debug|Any CPU.Build.0 = Debug|Any CPU
		{64DED044-0884-480B-BFDA-202CC1A7B175}.Debug|x64.ActiveCfg = Debug|Any CPU
		{64DED044-0884-480B-BFDA-202CC1A7B175}.Debug|x64.Build.0 = Debug|Any CPU
		{64DED044-0884-480B-BFDA-202CC1A7B175}.Debug|x86.ActiveCfg = Debug|Any CPU
		{64DED044-0884-480B-BFDA-202CC1A7B175}.Debug|x86.Build.0 = Debug|Any CPU
		{64DED044-0884-480B-BFDA-202CC1A7B175}.Release|Any CPU.ActiveCfg = Release|Any CPU
		{64DED044-0884-480B-BFDA-202CC1A7B175}.Release|Any CPU.Build.0 = Release|Any CPU
		{64DED044-0884-480B-BFDA-202CC1A7B175}.Release|x64.ActiveCfg = Release|Any CPU
		{64DED044-0884-480B-BFDA-202CC1A7B175}.Release|x64.Build.0 = Release|Any CPU
		{64DED044-0884-480B-BFDA-202CC1A7B175}.Release|x86.ActiveCfg = Release|Any CPU
		{64DED044-0884-480B-BFDA-202CC1A7B175}.Release|x86.Build.0 = Release|Any CPU
		{9FA40FA7-6288-413B-9078-6F431D1872DA}.Debug|Any CPU.ActiveCfg = Debug|Any CPU
		{9FA40FA7-6288-413B-9078-6F431D1872DA}.Debug|Any CPU.Build.0 = Debug|Any CPU
		{9FA40FA7-6288-413B-9078-6F431D1872DA}.Debug|x64.ActiveCfg = Debug|Any CPU
		{9FA40FA7-6288-413B-9078-6F431D1872DA}.Debug|x64.Build.0 = Debug|Any CPU
		{9FA40FA7-6288-413B-9078-6F431D1872DA}.Debug|x86.ActiveCfg = Debug|Any CPU
		{9FA40FA7-6288-413B-9078-6F431D1872DA}.Debug|x86.Build.0 = Debug|Any CPU
		{9FA40FA7-6288-413B-9078-6F431D1872DA}.Release|Any CPU.ActiveCfg = Release|Any CPU
		{9FA40FA7-6288-413B-9078-6F431D1872DA}.Release|Any CPU.Build.0 = Release|Any CPU
		{9FA40FA7-6288-413B-9078-6F431D1872DA}.Release|x64.ActiveCfg = Release|Any CPU
		{9FA40FA7-6288-413B-9078-6F431D1872DA}.Release|x64.Build.0 = Release|Any CPU
		{9FA40FA7-6288-413B-9078-6F431D1872DA}.Release|x86.ActiveCfg = Release|Any CPU
		{9FA40FA7-6288-413B-9078-6F431D1872DA}.Release|x86.Build.0 = Release|Any CPU
	EndGlobalSection
EndGlobal
